
Microsoft Visual Studio Solution File, Format Version 12.00
# Visual Studio Version 16
VisualStudioVersion = 16.0.31313.79
MinimumVisualStudioVersion = 10.0.40219.1
Project("{8BC9CEB8-8B4A-11D0-8D11-00A0C91BC942}") = "aa-hw", "aa-hw\aa-hw.vcxproj", "{BBBC1A67-D98F-4BA7-964A-28965E1F459B}"
EndProject
Global
	GlobalSection(SolutionConfigurationPlatforms) = preSolution
		Debug|x64 = Debug|x64
		Debug|x86 = Debug|x86
		Release|x64 = Release|x64
		Release|x86 = Release|x86
	EndGlobalSection
	GlobalSection(ProjectConfigurationPlatforms) = postSolution
		{BBBC1A67-D98F-4BA7-964A-28965E1F459B}.Debug|x64.ActiveCfg = Debug|x64
		{BBBC1A67-D98F-4BA7-964A-28965E1F459B}.Debug|x64.Build.0 = Debug|x64
		{BBBC1A67-D98F-4BA7-964A-28965E1F459B}.Debug|x86.ActiveCfg = Debug|Win32
		{BBBC1A67-D98F-4BA7-964A-28965E1F459B}.Debug|x86.Build.0 = Debug|Win32
		{BBBC1A67-D98F-4BA7-964A-28965E1F459B}.Release|x64.ActiveCfg = Release|x64
		{BBBC1A67-D98F-4BA7-964A-28965E1F459B}.Release|x64.Build.0 = Release|x64
		{BBBC1A67-D98F-4BA7-964A-28965E1F459B}.Release|x86.ActiveCfg = Release|Win32
		{BBBC1A67-D98F-4BA7-964A-28965E1F459B}.Release|x86.Build.0 = Release|Win32
	EndGlobalSection
	GlobalSection(SolutionProperties) = preSolution
		HideSolutionNode = FALSE
	EndGlobalSection
	GlobalSection(ExtensibilityGlobals) = postSolution
		SolutionGuid = {5CA3F84A-ADC3-4A2F-808D-511D51716510}
	EndGlobalSection
EndGlobal
